// !$*UTF8*$!
{
	archiveVersion = 1;
	classes = {
	};
	objectVersion = 77;
	objects = {

/* Begin PBXContainerItemProxy section */
		988A7C8B2CDFCB3800BB4FB3 /* PBXContainerItemProxy */ = {
			isa = PBXContainerItemProxy;
			containerPortal = 988A7C712CDFCB3700BB4FB3 /* Project object */;
			proxyType = 1;
			remoteGlobalIDString = 988A7C782CDFCB3700BB4FB3;
			remoteInfo = "SOUS-LOCA";
		};
		988A7C952CDFCB3800BB4FB3 /* PBXContainerItemProxy */ = {
			isa = PBXContainerItemProxy;
			containerPortal = 988A7C712CDFCB3700BB4FB3 /* Project object */;
			proxyType = 1;
			remoteGlobalIDString = 988A7C782CDFCB3700BB4FB3;
			remoteInfo = "SOUS-LOCA";
		};
/* End PBXContainerItemProxy section */

/* Begin PBXFileReference section */
		988A7C792CDFCB3700BB4FB3 /* SOUS-LOCA.app */ = {isa = PBXFileReference; explicitFileType = wrapper.application; includeInIndex = 0; path = "SOUS-LOCA.app"; sourceTree = BUILT_PRODUCTS_DIR; };
		988A7C8A2CDFCB3800BB4FB3 /* SOUS-LOCATests.xctest */ = {isa = PBXFileReference; explicitFileType = wrapper.cfbundle; includeInIndex = 0; path = "SOUS-LOCATests.xctest"; sourceTree = BUILT_PRODUCTS_DIR; };
		988A7C942CDFCB3800BB4FB3 /* SOUS-LOCAUITests.xctest */ = {isa = PBXFileReference; explicitFileType = wrapper.cfbundle; includeInIndex = 0; path = "SOUS-LOCAUITests.xctest"; sourceTree = BUILT_PRODUCTS_DIR; };
/* End PBXFileReference section */

/* Begin PBXFileSystemSynchronizedRootGroup section */
		988A7C7B2CDFCB3700BB4FB3 /* SOUS-LOCA */ = {
			isa = PBXFileSystemSynchronizedRootGroup;
			path = "SOUS-LOCA";
			sourceTree = "<group>";
		};
		988A7C8D2CDFCB3800BB4FB3 /* SOUS-LOCATests */ = {
			isa = PBXFileSystemSynchronizedRootGroup;
			path = "SOUS-LOCATests";
			sourceTree = "<group>";
		};
		988A7C972CDFCB3800BB4FB3 /* SOUS-LOCAUITests */ = {
			isa = PBXFileSystemSynchronizedRootGroup;
			path = "SOUS-LOCAUITests";
			sourceTree = "<group>";
		};
/* End PBXFileSystemSynchronizedRootGroup section */

/* Begin PBXFrameworksBuildPhase section */
		988A7C762CDFCB3700BB4FB3 /* Frameworks */ = {
			isa = PBXFrameworksBuildPhase;
			buildActionMask = 2147483647;
			files = (
			);
			runOnlyForDeploymentPostprocessing = 0;
		};
		988A7C872CDFCB3800BB4FB3 /* Frameworks */ = {
			isa = PBXFrameworksBuildPhase;
			buildActionMask = 2147483647;
			files = (
			);
			runOnlyForDeploymentPostprocessing = 0;
		};
		988A7C912CDFCB3800BB4FB3 /* Frameworks */ = {
			isa = PBXFrameworksBuildPhase;
			buildActionMask = 2147483647;
			files = (
			);
			runOnlyForDeploymentPostprocessing = 0;
		};
/* End PBXFrameworksBuildPhase section */

/* Begin PBXGroup section */
		988A7C702CDFCB3700BB4FB3 = {
			isa = PBXGroup;
			children = (
				988A7C7B2CDFCB3700BB4FB3 /* SOUS-LOCA */,
				988A7C8D2CDFCB3800BB4FB3 /* SOUS-LOCATests */,
				988A7C972CDFCB3800BB4FB3 /* SOUS-LOCAUITests */,
				988A7C7A2CDFCB3700BB4FB3 /* Products */,
			);
			sourceTree = "<group>";
		};
		988A7C7A2CDFCB3700BB4FB3 /* Products */ = {
			isa = PBXGroup;
			children = (
				988A7C792CDFCB3700BB4FB3 /* SOUS-LOCA.app */,
				988A7C8A2CDFCB3800BB4FB3 /* SOUS-LOCATests.xctest */,
				988A7C942CDFCB3800BB4FB3 /* SOUS-LOCAUITests.xctest */,
			);
			name = Products;
			sourceTree = "<group>";
		};
/* End PBXGroup section */

/* Begin PBXNativeTarget section */
		988A7C782CDFCB3700BB4FB3 /* SOUS-LOCA */ = {
			isa = PBXNativeTarget;
			buildConfigurationList = 988A7C9E2CDFCB3800BB4FB3 /* Build configuration list for PBXNativeTarget "SOUS-LOCA" */;
			buildPhases = (
				988A7C752CDFCB3700BB4FB3 /* Sources */,
				988A7C762CDFCB3700BB4FB3 /* Frameworks */,
				988A7C772CDFCB3700BB4FB3 /* Resources */,
			);
			buildRules = (
			);
			dependencies = (
			);
			fileSystemSynchronizedGroups = (
				988A7C7B2CDFCB3700BB4FB3 /* SOUS-LOCA */,
			);
			name = "SOUS-LOCA";
			packageProductDependencies = (
			);
			productName = "SOUS-LOCA";
			productReference = 988A7C792CDFCB3700BB4FB3 /* SOUS-LOCA.app */;
			productType = "com.apple.product-type.application";
		};
		988A7C892CDFCB3800BB4FB3 /* SOUS-LOCATests */ = {
			isa = PBXNativeTarget;
			buildConfigurationList = 988A7CA12CDFCB3800BB4FB3 /* Build configuration list for PBXNativeTarget "SOUS-LOCATests" */;
			buildPhases = (
				988A7C862CDFCB3800BB4FB3 /* Sources */,
				988A7C872CDFCB3800BB4FB3 /* Frameworks */,
				988A7C882CDFCB3800BB4FB3 /* Resources */,
			);
			buildRules = (
			);
			dependencies = (
				988A7C8C2CDFCB3800BB4FB3 /* PBXTargetDependency */,
			);
			fileSystemSynchronizedGroups = (
				988A7C8D2CDFCB3800BB4FB3 /* SOUS-LOCATests */,
			);
			name = "SOUS-LOCATests";
			packageProductDependencies = (
			);
			productName = "SOUS-LOCATests";
			productReference = 988A7C8A2CDFCB3800BB4FB3 /* SOUS-LOCATests.xctest */;
			productType = "com.apple.product-type.bundle.unit-test";
		};
		988A7C932CDFCB3800BB4FB3 /* SOUS-LOCAUITests */ = {
			isa = PBXNativeTarget;
			buildConfigurationList = 988A7CA42CDFCB3800BB4FB3 /* Build configuration list for PBXNativeTarget "SOUS-LOCAUITests" */;
			buildPhases = (
				988A7C902CDFCB3800BB4FB3 /* Sources */,
				988A7C912CDFCB3800BB4FB3 /* Frameworks */,
				988A7C922CDFCB3800BB4FB3 /* Resources */,
			);
			buildRules = (
			);
			dependencies = (
				988A7C962CDFCB3800BB4FB3 /* PBXTargetDependency */,
			);
			fileSystemSynchronizedGroups = (
				988A7C972CDFCB3800BB4FB3 /* SOUS-LOCAUITests */,
			);
			name = "SOUS-LOCAUITests";
			packageProductDependencies = (
			);
			productName = "SOUS-LOCAUITests";
			productReference = 988A7C942CDFCB3800BB4FB3 /* SOUS-LOCAUITests.xctest */;
			productType = "com.apple.product-type.bundle.ui-testing";
		};
/* End PBXNativeTarget section */

/* Begin PBXProject section */
		988A7C712CDFCB3700BB4FB3 /* Project object */ = {
			isa = PBXProject;
			attributes = {
				BuildIndependentTargetsInParallel = 1;
				LastSwiftUpdateCheck = 1610;
				LastUpgradeCheck = 1610;
				TargetAttributes = {
					988A7C782CDFCB3700BB4FB3 = {
						CreatedOnToolsVersion = 16.1;
					};
					988A7C892CDFCB3800BB4FB3 = {
						CreatedOnToolsVersion = 16.1;
						TestTargetID = 988A7C782CDFCB3700BB4FB3;
					};
					988A7C932CDFCB3800BB4FB3 = {
						CreatedOnToolsVersion = 16.1;
						TestTargetID = 988A7C782CDFCB3700BB4FB3;
					};
				};
			};
			buildConfigurationList = 988A7C742CDFCB3700BB4FB3 /* Build configuration list for PBXProject "SOUS-LOCA" */;
			developmentRegion = en;
			hasScannedForEncodings = 0;
			knownRegions = (
				en,
				Base,
			);
			mainGroup = 988A7C702CDFCB3700BB4FB3;
			minimizedProjectReferenceProxies = 1;
			preferredProjectObjectVersion = 77;
			productRefGroup = 988A7C7A2CDFCB3700BB4FB3 /* Products */;
			projectDirPath = "";
			projectRoot = "";
			targets = (
				988A7C782CDFCB3700BB4FB3 /* SOUS-LOCA */,
				988A7C892CDFCB3800BB4FB3 /* SOUS-LOCATests */,
				988A7C932CDFCB3800BB4FB3 /* SOUS-LOCAUITests */,
			);
		};
/* End PBXProject section */

/* Begin PBXResourcesBuildPhase section */
		988A7C772CDFCB3700BB4FB3 /* Resources */ = {
			isa = PBXResourcesBuildPhase;
			buildActionMask = 2147483647;
			files = (
			);
			runOnlyForDeploymentPostprocessing = 0;
		};
		988A7C882CDFCB3800BB4FB3 /* Resources */ = {
			isa = PBXResourcesBuildPhase;
			buildActionMask = 2147483647;
			files = (
			);
			runOnlyForDeploymentPostprocessing = 0;
		};
		988A7C922CDFCB3800BB4FB3 /* Resources */ = {
			isa = PBXResourcesBuildPhase;
			buildActionMask = 2147483647;
			files = (
			);
			runOnlyForDeploymentPostprocessing = 0;
		};
/* End PBXResourcesBuildPhase section */

/* Begin PBXSourcesBuildPhase section */
		988A7C752CDFCB3700BB4FB3 /* Sources */ = {
			isa = PBXSourcesBuildPhase;
			buildActionMask = 2147483647;
			files = (
			);
			runOnlyForDeploymentPostprocessing = 0;
		};
		988A7C862CDFCB3800BB4FB3 /* Sources */ = {
			isa = PBXSourcesBuildPhase;
			buildActionMask = 2147483647;
			files = (
			);
			runOnlyForDeploymentPostprocessing = 0;
		};
		988A7C902CDFCB3800BB4FB3 /* Sources */ = {
			isa = PBXSourcesBuildPhase;
			buildActionMask = 2147483647;
			files = (
			);
			runOnlyForDeploymentPostprocessing = 0;
		};
/* End PBXSourcesBuildPhase section */

/* Begin PBXTargetDependency section */
		988A7C8C2CDFCB3800BB4FB3 /* PBXTargetDependency */ = {
			isa = PBXTargetDependency;
			target = 988A7C782CDFCB3700BB4FB3 /* SOUS-LOCA */;
			targetProxy = 988A7C8B2CDFCB3800BB4FB3 /* PBXContainerItemProxy */;
		};
		988A7C962CDFCB3800BB4FB3 /* PBXTargetDependency */ = {
			isa = PBXTargetDependency;
			target = 988A7C782CDFCB3700BB4FB3 /* SOUS-LOCA */;
			targetProxy = 988A7C952CDFCB3800BB4FB3 /* PBXContainerItemProxy */;
		};
/* End PBXTargetDependency section */

/* Begin XCBuildConfiguration section */
		988A7C9C2CDFCB3800BB4FB3 /* Debug */ = {
			isa = XCBuildConfiguration;
			buildSettings = {
				ALWAYS_SEARCH_USER_PATHS = NO;
				ASSETCATALOG_COMPILER_GENERATE_SWIFT_ASSET_SYMBOL_EXTENSIONS = YES;
				CLANG_ANALYZER_NONNULL = YES;
				CLANG_ANALYZER_NUMBER_OBJECT_CONVERSION = YES_AGGRESSIVE;
				CLANG_CXX_LANGUAGE_STANDARD = "gnu++20";
				CLANG_ENABLE_MODULES = YES;
				CLANG_ENABLE_OBJC_ARC = YES;
				CLANG_ENABLE_OBJC_WEAK = YES;
				CLANG_WARN_BLOCK_CAPTURE_AUTORELEASING = YES;
				CLANG_WARN_BOOL_CONVERSION = YES;
				CLANG_WARN_COMMA = YES;
				CLANG_WARN_CONSTANT_CONVERSION = YES;
				CLANG_WARN_DEPRECATED_OBJC_IMPLEMENTATIONS = YES;
				CLANG_WARN_DIRECT_OBJC_ISA_USAGE = YES_ERROR;
				CLANG_WARN_DOCUMENTATION_COMMENTS = YES;
				CLANG_WARN_EMPTY_BODY = YES;
				CLANG_WARN_ENUM_CONVERSION = YES;
				CLANG_WARN_INFINITE_RECURSION = YES;
				CLANG_WARN_INT_CONVERSION = YES;
				CLANG_WARN_NON_LITERAL_NULL_CONVERSION = YES;
				CLANG_WARN_OBJC_IMPLICIT_RETAIN_SELF = YES;
				CLANG_WARN_OBJC_LITERAL_CONVERSION = YES;
				CLANG_WARN_OBJC_ROOT_CLASS = YES_ERROR;
				CLANG_WARN_QUOTED_INCLUDE_IN_FRAMEWORK_HEADER = YES;
				CLANG_WARN_RANGE_LOOP_ANALYSIS = YES;
				CLANG_WARN_STRICT_PROTOTYPES = YES;
				CLANG_WARN_SUSPICIOUS_MOVE = YES;
				CLANG_WARN_UNGUARDED_AVAILABILITY = YES_AGGRESSIVE;
				CLANG_WARN_UNREACHABLE_CODE = YES;
				CLANG_WARN__DUPLICATE_METHOD_MATCH = YES;
				COPY_PHASE_STRIP = NO;
				DEBUG_INFORMATION_FORMAT = dwarf;
				ENABLE_STRICT_OBJC_MSGSEND = YES;
				ENABLE_TESTABILITY = YES;
				ENABLE_USER_SCRIPT_SANDBOXING = YES;
				GCC_C_LANGUAGE_STANDARD = gnu17;
				GCC_DYNAMIC_NO_PIC = NO;
				GCC_NO_COMMON_BLOCKS = YES;
				GCC_OPTIMIZATION_LEVEL = 0;
				GCC_PREPROCESSOR_DEFINITIONS = (
					"DEBUG=1",
					"$(inherited)",
				);
				GCC_WARN_64_TO_32_BIT_CONVERSION = YES;
				GCC_WARN_ABOUT_RETURN_TYPE = YES_ERROR;
				GCC_WARN_UNDECLARED_SELECTOR = YES;
				GCC_WARN_UNINITIALIZED_AUTOS = YES_AGGRESSIVE;
				GCC_WARN_UNUSED_FUNCTION = YES;
				GCC_WARN_UNUSED_VARIABLE = YES;
				LOCALIZATION_PREFERS_STRING_CATALOGS = YES;
				MTL_ENABLE_DEBUG_INFO = INCLUDE_SOURCE;
				MTL_FAST_MATH = YES;
				ONLY_ACTIVE_ARCH = YES;
				SWIFT_ACTIVE_COMPILATION_CONDITIONS = "DEBUG $(inherited)";
				SWIFT_OPTIMIZATION_LEVEL = "-Onone";
			};
			name = Debug;
		};
		988A7C9D2CDFCB3800BB4FB3 /* Release */ = {
			isa = XCBuildConfiguration;
			buildSettings = {
				ALWAYS_SEARCH_USER_PATHS = NO;
				ASSETCATALOG_COMPILER_GENERATE_SWIFT_ASSET_SYMBOL_EXTENSIONS = YES;
				CLANG_ANALYZER_NONNULL = YES;
				CLANG_ANALYZER_NUMBER_OBJECT_CONVERSION = YES_AGGRESSIVE;
				CLANG_CXX_LANGUAGE_STANDARD = "gnu++20";
				CLANG_ENABLE_MODULES = YES;
				CLANG_ENABLE_OBJC_ARC = YES;
				CLANG_ENABLE_OBJC_WEAK = YES;
				CLANG_WARN_BLOCK_CAPTURE_AUTORELEASING = YES;
				CLANG_WARN_BOOL_CONVERSION = YES;
				CLANG_WARN_COMMA = YES;
				CLANG_WARN_CONSTANT_CONVERSION = YES;
				CLANG_WARN_DEPRECATED_OBJC_IMPLEMENTATIONS = YES;
				CLANG_WARN_DIRECT_OBJC_ISA_USAGE = YES_ERROR;
				CLANG_WARN_DOCUMENTATION_COMMENTS = YES;
				CLANG_WARN_EMPTY_BODY = YES;
				CLANG_WARN_ENUM_CONVERSION = YES;
				CLANG_WARN_INFINITE_RECURSION = YES;
				CLANG_WARN_INT_CONVERSION = YES;
				CLANG_WARN_NON_LITERAL_NULL_CONVERSION = YES;
				CLANG_WARN_OBJC_IMPLICIT_RETAIN_SELF = YES;
				CLANG_WARN_OBJC_LITERAL_CONVERSION = YES;
				CLANG_WARN_OBJC_ROOT_CLASS = YES_ERROR;
				CLANG_WARN_QUOTED_INCLUDE_IN_FRAMEWORK_HEADER = YES;
				CLANG_WARN_RANGE_LOOP_ANALYSIS = YES;
				CLANG_WARN_STRICT_PROTOTYPES = YES;
				CLANG_WARN_SUSPICIOUS_MOVE = YES;
				CLANG_WARN_UNGUARDED_AVAILABILITY = YES_AGGRESSIVE;
				CLANG_WARN_UNREACHABLE_CODE = YES;
				CLANG_WARN__DUPLICATE_METHOD_MATCH = YES;
				COPY_PHASE_STRIP = NO;
				DEBUG_INFORMATION_FORMAT = "dwarf-with-dsym";
				ENABLE_NS_ASSERTIONS = NO;
				ENABLE_STRICT_OBJC_MSGSEND = YES;
				ENABLE_USER_SCRIPT_SANDBOXING = YES;
				GCC_C_LANGUAGE_STANDARD = gnu17;
				GCC_NO_COMMON_BLOCKS = YES;
				GCC_WARN_64_TO_32_BIT_CONVERSION = YES;
				GCC_WARN_ABOUT_RETURN_TYPE = YES_ERROR;
				GCC_WARN_UNDECLARED_SELECTOR = YES;
				GCC_WARN_UNINITIALIZED_AUTOS = YES_AGGRESSIVE;
				GCC_WARN_UNUSED_FUNCTION = YES;
				GCC_WARN_UNUSED_VARIABLE = YES;
				LOCALIZATION_PREFERS_STRING_CATALOGS = YES;
				MTL_ENABLE_DEBUG_INFO = NO;
				MTL_FAST_MATH = YES;
				SWIFT_COMPILATION_MODE = wholemodule;
			};
			name = Release;
		};
		988A7C9F2CDFCB3800BB4FB3 /* Debug */ = {
			isa = XCBuildConfiguration;
			buildSettings = {
				ASSETCATALOG_COMPILER_APPICON_NAME = AppIcon;
				ASSETCATALOG_COMPILER_GLOBAL_ACCENT_COLOR_NAME = AccentColor;
				CODE_SIGN_ENTITLEMENTS = "SOUS-LOCA/SOUS_LOCA.entitlements";
				CODE_SIGN_STYLE = Automatic;
				CURRENT_PROJECT_VERSION = 1;
				DEVELOPMENT_ASSET_PATHS = "\"SOUS-LOCA/Preview Content\"";
				DEVELOPMENT_TEAM = 957SY29DY7;
				ENABLE_HARDENED_RUNTIME = YES;
				ENABLE_PREVIEWS = YES;
				GENERATE_INFOPLIST_FILE = YES;
				INFOPLIST_KEY_CFBundleDisplayName = "SOUS-LOCA";
				INFOPLIST_KEY_LSApplicationCategoryType = "public.app-category.business";
				"INFOPLIST_KEY_UIApplicationSceneManifest_Generation[sdk=iphoneos*]" = YES;
				"INFOPLIST_KEY_UIApplicationSceneManifest_Generation[sdk=iphonesimulator*]" = YES;
				"INFOPLIST_KEY_UIApplicationSupportsIndirectInputEvents[sdk=iphoneos*]" = YES;
				"INFOPLIST_KEY_UIApplicationSupportsIndirectInputEvents[sdk=iphonesimulator*]" = YES;
				"INFOPLIST_KEY_UILaunchScreen_Generation[sdk=iphoneos*]" = YES;
				"INFOPLIST_KEY_UILaunchScreen_Generation[sdk=iphonesimulator*]" = YES;
				"INFOPLIST_KEY_UIStatusBarStyle[sdk=iphoneos*]" = UIStatusBarStyleDefault;
				"INFOPLIST_KEY_UIStatusBarStyle[sdk=iphonesimulator*]" = UIStatusBarStyleDefault;
				INFOPLIST_KEY_UISupportedInterfaceOrientations = UIInterfaceOrientationPortrait;
				IPHONEOS_DEPLOYMENT_TARGET = 18.1;
				LD_RUNPATH_SEARCH_PATHS = "@executable_path/Frameworks";
				"LD_RUNPATH_SEARCH_PATHS[sdk=macosx*]" = "@executable_path/../Frameworks";
				MACOSX_DEPLOYMENT_TARGET = 15.1;
				MARKETING_VERSION = 1.0;
				PRODUCT_BUNDLE_IDENTIFIER = "co.FL.SOUS-LOCA";
				PRODUCT_NAME = "$(TARGET_NAME)";
				SDKROOT = auto;
				SUPPORTED_PLATFORMS = "iphoneos iphonesimulator macosx xros xrsimulator";
				SWIFT_EMIT_LOC_STRINGS = YES;
				SWIFT_VERSION = 5.0;
				TARGETED_DEVICE_FAMILY = "1,2,7";
				XROS_DEPLOYMENT_TARGET = 2.1;
			};
			name = Debug;
		};
		988A7CA02CDFCB3800BB4FB3 /* Release */ = {
			isa = XCBuildConfiguration;
			buildSettings = {
				ASSETCATALOG_COMPILER_APPICON_NAME = AppIcon;
				ASSETCATALOG_COMPILER_GLOBAL_ACCENT_COLOR_NAME = AccentColor;
				CODE_SIGN_ENTITLEMENTS = "SOUS-LOCA/SOUS_LOCA.entitlements";
				CODE_SIGN_STYLE = Automatic;
				CURRENT_PROJECT_VERSION = 1;
				DEVELOPMENT_ASSET_PATHS = "\"SOUS-LOCA/Preview Content\"";
				DEVELOPMENT_TEAM = 957SY29DY7;
				ENABLE_HARDENED_RUNTIME = YES;
				ENABLE_PREVIEWS = YES;
				GENERATE_INFOPLIST_FILE = YES;
				INFOPLIST_KEY_CFBundleDisplayName = "SOUS-LOCA";
				INFOPLIST_KEY_LSApplicationCategoryType = "public.app-category.business";
				"INFOPLIST_KEY_UIApplicationSceneManifest_Generation[sdk=iphoneos*]" = YES;
				"INFOPLIST_KEY_UIApplicationSceneManifest_Generation[sdk=iphonesimulator*]" = YES;
				"INFOPLIST_KEY_UIApplicationSupportsIndirectInputEvents[sdk=iphoneos*]" = YES;
				"INFOPLIST_KEY_UIApplicationSupportsIndirectInputEvents[sdk=iphonesimulator*]" = YES;
				"INFOPLIST_KEY_UILaunchScreen_Generation[sdk=iphoneos*]" = YES;
				"INFOPLIST_KEY_UILaunchScreen_Generation[sdk=iphonesimulator*]" = YES;
				"INFOPLIST_KEY_UIStatusBarStyle[sdk=iphoneos*]" = UIStatusBarStyleDefault;
				"INFOPLIST_KEY_UIStatusBarStyle[sdk=iphonesimulator*]" = UIStatusBarStyleDefault;
				INFOPLIST_KEY_UISupportedInterfaceOrientations = UIInterfaceOrientationPortrait;
				IPHONEOS_DEPLOYMENT_TARGET = 18.1;
				LD_RUNPATH_SEARCH_PATHS = "@executable_path/Frameworks";
				"LD_RUNPATH_SEARCH_PATHS[sdk=macosx*]" = "@executable_path/../Frameworks";
				MACOSX_DEPLOYMENT_TARGET = 15.1;
				MARKETING_VERSION = 1.0;
				PRODUCT_BUNDLE_IDENTIFIER = "co.FL.SOUS-LOCA";
				PRODUCT_NAME = "$(TARGET_NAME)";
				SDKROOT = auto;
				SUPPORTED_PLATFORMS = "iphoneos iphonesimulator macosx xros xrsimulator";
				SWIFT_EMIT_LOC_STRINGS = YES;
				SWIFT_VERSION = 5.0;
				TARGETED_DEVICE_FAMILY = "1,2,7";
				XROS_DEPLOYMENT_TARGET = 2.1;
			};
			name = Release;
		};
		988A7CA22CDFCB3800BB4FB3 /* Debug */ = {
			isa = XCBuildConfiguration;
			buildSettings = {
				BUNDLE_LOADER = "$(TEST_HOST)";
				CODE_SIGN_STYLE = Automatic;
				CURRENT_PROJECT_VERSION = 1;
				DEVELOPMENT_TEAM = 957SY29DY7;
				GENERATE_INFOPLIST_FILE = YES;
				IPHONEOS_DEPLOYMENT_TARGET = 18.1;
				MACOSX_DEPLOYMENT_TARGET = 15.1;
				MARKETING_VERSION = 1.0;
				PRODUCT_BUNDLE_IDENTIFIER = "co.FL.SOUS-LOCATests";
				PRODUCT_NAME = "$(TARGET_NAME)";
				SDKROOT = auto;
				SUPPORTED_PLATFORMS = "iphoneos iphonesimulator macosx xros xrsimulator";
				SWIFT_EMIT_LOC_STRINGS = NO;
				SWIFT_VERSION = 5.0;
				TARGETED_DEVICE_FAMILY = "1,2,7";
				TEST_HOST = "$(BUILT_PRODUCTS_DIR)/SOUS-LOCA.app/$(BUNDLE_EXECUTABLE_FOLDER_PATH)/SOUS-LOCA";
				XROS_DEPLOYMENT_TARGET = 2.1;
			};
			name = Debug;
		};
		988A7CA32CDFCB3800BB4FB3 /* Release */ = {
			isa = XCBuildConfiguration;
			buildSettings = {
				BUNDLE_LOADER = "$(TEST_HOST)";
				CODE_SIGN_STYLE = Automatic;
				CURRENT_PROJECT_VERSION = 1;
				DEVELOPMENT_TEAM = 957SY29DY7;
				GENERATE_INFOPLIST_FILE = YES;
				IPHONEOS_DEPLOYMENT_TARGET = 18.1;
				MACOSX_DEPLOYMENT_TARGET = 15.1;
				MARKETING_VERSION = 1.0;
				PRODUCT_BUNDLE_IDENTIFIER = "co.FL.SOUS-LOCATests";
				PRODUCT_NAME = "$(TARGET_NAME)";
				SDKROOT = auto;
				SUPPORTED_PLATFORMS = "iphoneos iphonesimulator macosx xros xrsimulator";
				SWIFT_EMIT_LOC_STRINGS = NO;
				SWIFT_VERSION = 5.0;
				TARGETED_DEVICE_FAMILY = "1,2,7";
				TEST_HOST = "$(BUILT_PRODUCTS_DIR)/SOUS-LOCA.app/$(BUNDLE_EXECUTABLE_FOLDER_PATH)/SOUS-LOCA";
				XROS_DEPLOYMENT_TARGET = 2.1;
			};
			name = Release;
		};
		988A7CA52CDFCB3800BB4FB3 /* Debug */ = {
			isa = XCBuildConfiguration;
			buildSettings = {
				CODE_SIGN_STYLE = Automatic;
				CURRENT_PROJECT_VERSION = 1;
				DEVELOPMENT_TEAM = 957SY29DY7;
				GENERATE_INFOPLIST_FILE = YES;
				IPHONEOS_DEPLOYMENT_TARGET = 18.1;
				MACOSX_DEPLOYMENT_TARGET = 15.1;
				MARKETING_VERSION = 1.0;
				PRODUCT_BUNDLE_IDENTIFIER = "co.FL.SOUS-LOCAUITests";
				PRODUCT_NAME = "$(TARGET_NAME)";
				SDKROOT = auto;
				SUPPORTED_PLATFORMS = "iphoneos iphonesimulator macosx xros xrsimulator";
				SWIFT_EMIT_LOC_STRINGS = NO;
				SWIFT_VERSION = 5.0;
				TARGETED_DEVICE_FAMILY = "1,2,7";
				TEST_TARGET_NAME = "SOUS-LOCA";
				XROS_DEPLOYMENT_TARGET = 2.1;
			};
			name = Debug;
		};
		988A7CA62CDFCB3800BB4FB3 /* Release */ = {
			isa = XCBuildConfiguration;
			buildSettings = {
				CODE_SIGN_STYLE = Automatic;
				CURRENT_PROJECT_VERSION = 1;
				DEVELOPMENT_TEAM = 957SY29DY7;
				GENERATE_INFOPLIST_FILE = YES;
				IPHONEOS_DEPLOYMENT_TARGET = 18.1;
				MACOSX_DEPLOYMENT_TARGET = 15.1;
				MARKETING_VERSION = 1.0;
				PRODUCT_BUNDLE_IDENTIFIER = "co.FL.SOUS-LOCAUITests";
				PRODUCT_NAME = "$(TARGET_NAME)";
				SDKROOT = auto;
				SUPPORTED_PLATFORMS = "iphoneos iphonesimulator macosx xros xrsimulator";
				SWIFT_EMIT_LOC_STRINGS = NO;
				SWIFT_VERSION = 5.0;
				TARGETED_DEVICE_FAMILY = "1,2,7";
				TEST_TARGET_NAME = "SOUS-LOCA";
				XROS_DEPLOYMENT_TARGET = 2.1;
			};
			name = Release;
		};
/* End XCBuildConfiguration section */

/* Begin XCConfigurationList section */
		988A7C742CDFCB3700BB4FB3 /* Build configuration list for PBXProject "SOUS-LOCA" */ = {
			isa = XCConfigurationList;
			buildConfigurations = (
				988A7C9C2CDFCB3800BB4FB3 /* Debug */,
				988A7C9D2CDFCB3800BB4FB3 /* Release */,
			);
			defaultConfigurationIsVisible = 0;
			defaultConfigurationName = Release;
		};
		988A7C9E2CDFCB3800BB4FB3 /* Build configuration list for PBXNativeTarget "SOUS-LOCA" */ = {
			isa = XCConfigurationList;
			buildConfigurations = (
				988A7C9F2CDFCB3800BB4FB3 /* Debug */,
				988A7CA02CDFCB3800BB4FB3 /* Release */,
			);
			defaultConfigurationIsVisible = 0;
			defaultConfigurationName = Release;
		};
		988A7CA12CDFCB3800BB4FB3 /* Build configuration list for PBXNativeTarget "SOUS-LOCATests" */ = {
			isa = XCConfigurationList;
			buildConfigurations = (
				988A7CA22CDFCB3800BB4FB3 /* Debug */,
				988A7CA32CDFCB3800BB4FB3 /* Release */,
			);
			defaultConfigurationIsVisible = 0;
			defaultConfigurationName = Release;
		};
		988A7CA42CDFCB3800BB4FB3 /* Build configuration list for PBXNativeTarget "SOUS-LOCAUITests" */ = {
			isa = XCConfigurationList;
			buildConfigurations = (
				988A7CA52CDFCB3800BB4FB3 /* Debug */,
				988A7CA62CDFCB3800BB4FB3 /* Release */,
			);
			defaultConfigurationIsVisible = 0;
			defaultConfigurationName = Release;
		};
/* End XCConfigurationList section */
	};
	rootObject = 988A7C712CDFCB3700BB4FB3 /* Project object */;
}
